// !$*UTF8*$!
{
	archiveVersion = 1;
	classes = {
	};
	objectVersion = 46;
	objects = {

/* Begin PBXBuildFile section */
		1008DDCBC843E0662710F42D /* Pods_meme_authUITests.framework in Frameworks */ = {isa = PBXBuildFile; fileRef = 51F907E9D51BDC91C43B5D95 /* Pods_meme_authUITests.framework */; };
		2E8C588B22E63720AA5442CE /* Pods_meme_authTests.framework in Frameworks */ = {isa = PBXBuildFile; fileRef = 529DF9C24ED5D0AC546C25C2 /* Pods_meme_authTests.framework */; };
		B45D526A1F1FEB68006D2675 /* Podfile in Resources */ = {isa = PBXBuildFile; fileRef = B45D52691F1FEB68006D2675 /* Podfile */; };
		B4AEFAA01F1FD71B002B5F60 /* AppDelegate.swift in Sources */ = {isa = PBXBuildFile; fileRef = B4AEFA9F1F1FD71B002B5F60 /* AppDelegate.swift */; };
		B4AEFAA21F1FD71B002B5F60 /* ViewController.swift in Sources */ = {isa = PBXBuildFile; fileRef = B4AEFAA11F1FD71B002B5F60 /* ViewController.swift */; };
		B4AEFAA51F1FD71B002B5F60 /* Main.storyboard in Resources */ = {isa = PBXBuildFile; fileRef = B4AEFAA31F1FD71B002B5F60 /* Main.storyboard */; };
		B4AEFAA81F1FD71B002B5F60 /* meme_auth.xcdatamodeld in Sources */ = {isa = PBXBuildFile; fileRef = B4AEFAA61F1FD71B002B5F60 /* meme_auth.xcdatamodeld */; };
		B4AEFAAA1F1FD71B002B5F60 /* Assets.xcassets in Resources */ = {isa = PBXBuildFile; fileRef = B4AEFAA91F1FD71B002B5F60 /* Assets.xcassets */; };
		B4AEFAAD1F1FD71B002B5F60 /* LaunchScreen.storyboard in Resources */ = {isa = PBXBuildFile; fileRef = B4AEFAAB1F1FD71B002B5F60 /* LaunchScreen.storyboard */; };
		B4AEFAB81F1FD71B002B5F60 /* meme_authTests.swift in Sources */ = {isa = PBXBuildFile; fileRef = B4AEFAB71F1FD71B002B5F60 /* meme_authTests.swift */; };
		B4AEFAC31F1FD71B002B5F60 /* meme_authUITests.swift in Sources */ = {isa = PBXBuildFile; fileRef = B4AEFAC21F1FD71B002B5F60 /* meme_authUITests.swift */; };
		B4AEFAD11F1FE07B002B5F60 /* GoogleService-Info.plist in Resources */ = {isa = PBXBuildFile; fileRef = B4AEFAD01F1FE07B002B5F60 /* GoogleService-Info.plist */; };
		B4AEFAD21F1FE07B002B5F60 /* GoogleService-Info.plist in Resources */ = {isa = PBXBuildFile; fileRef = B4AEFAD01F1FE07B002B5F60 /* GoogleService-Info.plist */; };
		B4AEFAD31F1FE07B002B5F60 /* GoogleService-Info.plist in Resources */ = {isa = PBXBuildFile; fileRef = B4AEFAD01F1FE07B002B5F60 /* GoogleService-Info.plist */; };
		EC0A35924CC43143FBDC9B36 /* Pods_meme_auth.framework in Frameworks */ = {isa = PBXBuildFile; fileRef = BA1C13E84399705C60BCE8B2 /* Pods_meme_auth.framework */; };
/* End PBXBuildFile section */

/* Begin PBXContainerItemProxy section */
		B4AEFAB41F1FD71B002B5F60 /* PBXContainerItemProxy */ = {
			isa = PBXContainerItemProxy;
			containerPortal = B4AEFA941F1FD71B002B5F60 /* Project object */;
			proxyType = 1;
			remoteGlobalIDString = B4AEFA9B1F1FD71B002B5F60;
			remoteInfo = meme_auth;
		};
		B4AEFABF1F1FD71B002B5F60 /* PBXContainerItemProxy */ = {
			isa = PBXContainerItemProxy;
			containerPortal = B4AEFA941F1FD71B002B5F60 /* Project object */;
			proxyType = 1;
			remoteGlobalIDString = B4AEFA9B1F1FD71B002B5F60;
			remoteInfo = meme_auth;
		};
/* End PBXContainerItemProxy section */

/* Begin PBXFileReference section */
		184BFF63CD3E60C2031565FA /* Pods-meme_authUITests.release.xcconfig */ = {isa = PBXFileReference; includeInIndex = 1; lastKnownFileType = text.xcconfig; name = "Pods-meme_authUITests.release.xcconfig"; path = "Pods/Target Support Files/Pods-meme_authUITests/Pods-meme_authUITests.release.xcconfig"; sourceTree = "<group>"; };
		44EDA7FDD2949A7B5BF0BEDE /* Pods-meme_authTests.debug.xcconfig */ = {isa = PBXFileReference; includeInIndex = 1; lastKnownFileType = text.xcconfig; name = "Pods-meme_authTests.debug.xcconfig"; path = "Pods/Target Support Files/Pods-meme_authTests/Pods-meme_authTests.debug.xcconfig"; sourceTree = "<group>"; };
		51F907E9D51BDC91C43B5D95 /* Pods_meme_authUITests.framework */ = {isa = PBXFileReference; explicitFileType = wrapper.framework; includeInIndex = 0; path = Pods_meme_authUITests.framework; sourceTree = BUILT_PRODUCTS_DIR; };
		529DF9C24ED5D0AC546C25C2 /* Pods_meme_authTests.framework */ = {isa = PBXFileReference; explicitFileType = wrapper.framework; includeInIndex = 0; path = Pods_meme_authTests.framework; sourceTree = BUILT_PRODUCTS_DIR; };
		7502268189D4E8306A1217AB /* Pods-meme_authUITests.debug.xcconfig */ = {isa = PBXFileReference; includeInIndex = 1; lastKnownFileType = text.xcconfig; name = "Pods-meme_authUITests.debug.xcconfig"; path = "Pods/Target Support Files/Pods-meme_authUITests/Pods-meme_authUITests.debug.xcconfig"; sourceTree = "<group>"; };
		845A4BB035DACDB1CAC600F4 /* Pods-meme_auth.release.xcconfig */ = {isa = PBXFileReference; includeInIndex = 1; lastKnownFileType = text.xcconfig; name = "Pods-meme_auth.release.xcconfig"; path = "Pods/Target Support Files/Pods-meme_auth/Pods-meme_auth.release.xcconfig"; sourceTree = "<group>"; };
		B45D52691F1FEB68006D2675 /* Podfile */ = {isa = PBXFileReference; fileEncoding = 4; lastKnownFileType = text; path = Podfile; sourceTree = "<group>"; xcLanguageSpecificationIdentifier = xcode.lang.ruby; };
		B4AEFA9C1F1FD71B002B5F60 /* meme_auth.app */ = {isa = PBXFileReference; explicitFileType = wrapper.application; includeInIndex = 0; path = meme_auth.app; sourceTree = BUILT_PRODUCTS_DIR; };
		B4AEFA9F1F1FD71B002B5F60 /* AppDelegate.swift */ = {isa = PBXFileReference; lastKnownFileType = sourcecode.swift; path = AppDelegate.swift; sourceTree = "<group>"; };
		B4AEFAA11F1FD71B002B5F60 /* ViewController.swift */ = {isa = PBXFileReference; lastKnownFileType = sourcecode.swift; path = ViewController.swift; sourceTree = "<group>"; };
		B4AEFAA41F1FD71B002B5F60 /* Base */ = {isa = PBXFileReference; lastKnownFileType = file.storyboard; name = Base; path = Base.lproj/Main.storyboard; sourceTree = "<group>"; };
		B4AEFAA71F1FD71B002B5F60 /* meme_auth.xcdatamodel */ = {isa = PBXFileReference; lastKnownFileType = wrapper.xcdatamodel; path = meme_auth.xcdatamodel; sourceTree = "<group>"; };
		B4AEFAA91F1FD71B002B5F60 /* Assets.xcassets */ = {isa = PBXFileReference; lastKnownFileType = folder.assetcatalog; path = Assets.xcassets; sourceTree = "<group>"; };
		B4AEFAAC1F1FD71B002B5F60 /* Base */ = {isa = PBXFileReference; lastKnownFileType = file.storyboard; name = Base; path = Base.lproj/LaunchScreen.storyboard; sourceTree = "<group>"; };
		B4AEFAAE1F1FD71B002B5F60 /* Info.plist */ = {isa = PBXFileReference; lastKnownFileType = text.plist.xml; path = Info.plist; sourceTree = "<group>"; };
		B4AEFAB31F1FD71B002B5F60 /* meme_authTests.xctest */ = {isa = PBXFileReference; explicitFileType = wrapper.cfbundle; includeInIndex = 0; path = meme_authTests.xctest; sourceTree = BUILT_PRODUCTS_DIR; };
		B4AEFAB71F1FD71B002B5F60 /* meme_authTests.swift */ = {isa = PBXFileReference; lastKnownFileType = sourcecode.swift; path = meme_authTests.swift; sourceTree = "<group>"; };
		B4AEFAB91F1FD71B002B5F60 /* Info.plist */ = {isa = PBXFileReference; lastKnownFileType = text.plist.xml; path = Info.plist; sourceTree = "<group>"; };
		B4AEFABE1F1FD71B002B5F60 /* meme_authUITests.xctest */ = {isa = PBXFileReference; explicitFileType = wrapper.cfbundle; includeInIndex = 0; path = meme_authUITests.xctest; sourceTree = BUILT_PRODUCTS_DIR; };
		B4AEFAC21F1FD71B002B5F60 /* meme_authUITests.swift */ = {isa = PBXFileReference; lastKnownFileType = sourcecode.swift; path = meme_authUITests.swift; sourceTree = "<group>"; };
		B4AEFAC41F1FD71B002B5F60 /* Info.plist */ = {isa = PBXFileReference; lastKnownFileType = text.plist.xml; path = Info.plist; sourceTree = "<group>"; };
		B4AEFAD01F1FE07B002B5F60 /* GoogleService-Info.plist */ = {isa = PBXFileReference; fileEncoding = 4; lastKnownFileType = text.plist.xml; path = "GoogleService-Info.plist"; sourceTree = "<group>"; };
		BA1C13E84399705C60BCE8B2 /* Pods_meme_auth.framework */ = {isa = PBXFileReference; explicitFileType = wrapper.framework; includeInIndex = 0; path = Pods_meme_auth.framework; sourceTree = BUILT_PRODUCTS_DIR; };
		C52E0E19EEAE2A82544FD8AF /* Pods-meme_authTests.release.xcconfig */ = {isa = PBXFileReference; includeInIndex = 1; lastKnownFileType = text.xcconfig; name = "Pods-meme_authTests.release.xcconfig"; path = "Pods/Target Support Files/Pods-meme_authTests/Pods-meme_authTests.release.xcconfig"; sourceTree = "<group>"; };
		FCB63BFBD9C39818CED416F5 /* Pods-meme_auth.debug.xcconfig */ = {isa = PBXFileReference; includeInIndex = 1; lastKnownFileType = text.xcconfig; name = "Pods-meme_auth.debug.xcconfig"; path = "Pods/Target Support Files/Pods-meme_auth/Pods-meme_auth.debug.xcconfig"; sourceTree = "<group>"; };
/* End PBXFileReference section */

/* Begin PBXFrameworksBuildPhase section */
		B4AEFA991F1FD71B002B5F60 /* Frameworks */ = {
			isa = PBXFrameworksBuildPhase;
			buildActionMask = 2147483647;
			files = (
				EC0A35924CC43143FBDC9B36 /* Pods_meme_auth.framework in Frameworks */,
			);
			runOnlyForDeploymentPostprocessing = 0;
		};
		B4AEFAB01F1FD71B002B5F60 /* Frameworks */ = {
			isa = PBXFrameworksBuildPhase;
			buildActionMask = 2147483647;
			files = (
				2E8C588B22E63720AA5442CE /* Pods_meme_authTests.framework in Frameworks */,
			);
			runOnlyForDeploymentPostprocessing = 0;
		};
		B4AEFABB1F1FD71B002B5F60 /* Frameworks */ = {
			isa = PBXFrameworksBuildPhase;
			buildActionMask = 2147483647;
			files = (
				1008DDCBC843E0662710F42D /* Pods_meme_authUITests.framework in Frameworks */,
			);
			runOnlyForDeploymentPostprocessing = 0;
		};
/* End PBXFrameworksBuildPhase section */

/* Begin PBXGroup section */
		372D319571283556306221F5 /* Pods */ = {
			isa = PBXGroup;
			children = (
				FCB63BFBD9C39818CED416F5 /* Pods-meme_auth.debug.xcconfig */,
				845A4BB035DACDB1CAC600F4 /* Pods-meme_auth.release.xcconfig */,
				44EDA7FDD2949A7B5BF0BEDE /* Pods-meme_authTests.debug.xcconfig */,
				C52E0E19EEAE2A82544FD8AF /* Pods-meme_authTests.release.xcconfig */,
				7502268189D4E8306A1217AB /* Pods-meme_authUITests.debug.xcconfig */,
				184BFF63CD3E60C2031565FA /* Pods-meme_authUITests.release.xcconfig */,
			);
			name = Pods;
			sourceTree = "<group>";
		};
		73AAB4E5F4AC3A2748705BF1 /* Frameworks */ = {
			isa = PBXGroup;
			children = (
				BA1C13E84399705C60BCE8B2 /* Pods_meme_auth.framework */,
				529DF9C24ED5D0AC546C25C2 /* Pods_meme_authTests.framework */,
				51F907E9D51BDC91C43B5D95 /* Pods_meme_authUITests.framework */,
			);
			name = Frameworks;
			sourceTree = "<group>";
		};
		B4AEFA931F1FD71B002B5F60 = {
			isa = PBXGroup;
			children = (
				B45D52691F1FEB68006D2675 /* Podfile */,
				B4AEFA9E1F1FD71B002B5F60 /* meme_auth */,
				B4AEFAB61F1FD71B002B5F60 /* meme_authTests */,
				B4AEFAC11F1FD71B002B5F60 /* meme_authUITests */,
				B4AEFA9D1F1FD71B002B5F60 /* Products */,
				372D319571283556306221F5 /* Pods */,
				73AAB4E5F4AC3A2748705BF1 /* Frameworks */,
			);
			sourceTree = "<group>";
		};
		B4AEFA9D1F1FD71B002B5F60 /* Products */ = {
			isa = PBXGroup;
			children = (
				B4AEFA9C1F1FD71B002B5F60 /* meme_auth.app */,
				B4AEFAB31F1FD71B002B5F60 /* meme_authTests.xctest */,
				B4AEFABE1F1FD71B002B5F60 /* meme_authUITests.xctest */,
			);
			name = Products;
			sourceTree = "<group>";
		};
		B4AEFA9E1F1FD71B002B5F60 /* meme_auth */ = {
			isa = PBXGroup;
			children = (
				B4AEFA9F1F1FD71B002B5F60 /* AppDelegate.swift */,
				B4AEFAA11F1FD71B002B5F60 /* ViewController.swift */,
				B4AEFAA31F1FD71B002B5F60 /* Main.storyboard */,
				B4AEFAA91F1FD71B002B5F60 /* Assets.xcassets */,
				B4AEFAAB1F1FD71B002B5F60 /* LaunchScreen.storyboard */,
				B4AEFAAE1F1FD71B002B5F60 /* Info.plist */,
				B4AEFAA61F1FD71B002B5F60 /* meme_auth.xcdatamodeld */,
				B4AEFAD01F1FE07B002B5F60 /* GoogleService-Info.plist */,
			);
			path = meme_auth;
			sourceTree = "<group>";
		};
		B4AEFAB61F1FD71B002B5F60 /* meme_authTests */ = {
			isa = PBXGroup;
			children = (
				B4AEFAB71F1FD71B002B5F60 /* meme_authTests.swift */,
				B4AEFAB91F1FD71B002B5F60 /* Info.plist */,
			);
			path = meme_authTests;
			sourceTree = "<group>";
		};
		B4AEFAC11F1FD71B002B5F60 /* meme_authUITests */ = {
			isa = PBXGroup;
			children = (
				B4AEFAC21F1FD71B002B5F60 /* meme_authUITests.swift */,
				B4AEFAC41F1FD71B002B5F60 /* Info.plist */,
			);
			path = meme_authUITests;
			sourceTree = "<group>";
		};
/* End PBXGroup section */

/* Begin PBXNativeTarget section */
		B4AEFA9B1F1FD71B002B5F60 /* meme_auth */ = {
			isa = PBXNativeTarget;
			buildConfigurationList = B4AEFAC71F1FD71B002B5F60 /* Build configuration list for PBXNativeTarget "meme_auth" */;
			buildPhases = (
				21F8F8E76F2B3F5B45200DC7 /* [CP] Check Pods Manifest.lock */,
				B4AEFA981F1FD71B002B5F60 /* Sources */,
				B4AEFA991F1FD71B002B5F60 /* Frameworks */,
				B4AEFA9A1F1FD71B002B5F60 /* Resources */,
				AD21CD7B1882B1156EE4756D /* [CP] Embed Pods Frameworks */,
				64ACB4F41552FACEF2BA840D /* [CP] Copy Pods Resources */,
			);
			buildRules = (
			);
			dependencies = (
			);
			name = meme_auth;
			productName = meme_auth;
			productReference = B4AEFA9C1F1FD71B002B5F60 /* meme_auth.app */;
			productType = "com.apple.product-type.application";
		};
		B4AEFAB21F1FD71B002B5F60 /* meme_authTests */ = {
			isa = PBXNativeTarget;
			buildConfigurationList = B4AEFACA1F1FD71B002B5F60 /* Build configuration list for PBXNativeTarget "meme_authTests" */;
			buildPhases = (
				0D9D10C85B72D8E6605BBC56 /* [CP] Check Pods Manifest.lock */,
				B4AEFAAF1F1FD71B002B5F60 /* Sources */,
				B4AEFAB01F1FD71B002B5F60 /* Frameworks */,
				B4AEFAB11F1FD71B002B5F60 /* Resources */,
				1AD6FB734EF86064408EFD5A /* [CP] Embed Pods Frameworks */,
				62041612EA719B5089091D87 /* [CP] Copy Pods Resources */,
			);
			buildRules = (
			);
			dependencies = (
				B4AEFAB51F1FD71B002B5F60 /* PBXTargetDependency */,
			);
			name = meme_authTests;
			productName = meme_authTests;
			productReference = B4AEFAB31F1FD71B002B5F60 /* meme_authTests.xctest */;
			productType = "com.apple.product-type.bundle.unit-test";
		};
		B4AEFABD1F1FD71B002B5F60 /* meme_authUITests */ = {
			isa = PBXNativeTarget;
			buildConfigurationList = B4AEFACD1F1FD71B002B5F60 /* Build configuration list for PBXNativeTarget "meme_authUITests" */;
			buildPhases = (
				4D26C8DD0FE8CF8849D1B898 /* [CP] Check Pods Manifest.lock */,
				B4AEFABA1F1FD71B002B5F60 /* Sources */,
				B4AEFABB1F1FD71B002B5F60 /* Frameworks */,
				B4AEFABC1F1FD71B002B5F60 /* Resources */,
				D8C5F55DB28FC5BCD8BFFDF6 /* [CP] Embed Pods Frameworks */,
				0E09133DFF690DF8696F9A5C /* [CP] Copy Pods Resources */,
			);
			buildRules = (
			);
			dependencies = (
				B4AEFAC01F1FD71B002B5F60 /* PBXTargetDependency */,
			);
			name = meme_authUITests;
			productName = meme_authUITests;
			productReference = B4AEFABE1F1FD71B002B5F60 /* meme_authUITests.xctest */;
			productType = "com.apple.product-type.bundle.ui-testing";
		};
/* End PBXNativeTarget section */

/* Begin PBXProject section */
		B4AEFA941F1FD71B002B5F60 /* Project object */ = {
			isa = PBXProject;
			attributes = {
				LastSwiftUpdateCheck = 0830;
				LastUpgradeCheck = 0830;
				ORGANIZATIONNAME = "Reilly kennon";
				TargetAttributes = {
					B4AEFA9B1F1FD71B002B5F60 = {
						CreatedOnToolsVersion = 8.3.3;
						DevelopmentTeam = 5VJN24D93G;
						ProvisioningStyle = Automatic;
					};
					B4AEFAB21F1FD71B002B5F60 = {
						CreatedOnToolsVersion = 8.3.3;
						ProvisioningStyle = Automatic;
						TestTargetID = B4AEFA9B1F1FD71B002B5F60;
					};
					B4AEFABD1F1FD71B002B5F60 = {
						CreatedOnToolsVersion = 8.3.3;
						ProvisioningStyle = Automatic;
						TestTargetID = B4AEFA9B1F1FD71B002B5F60;
					};
				};
			};
			buildConfigurationList = B4AEFA971F1FD71B002B5F60 /* Build configuration list for PBXProject "meme_auth" */;
			compatibilityVersion = "Xcode 3.2";
			developmentRegion = English;
			hasScannedForEncodings = 0;
			knownRegions = (
				en,
				Base,
			);
			mainGroup = B4AEFA931F1FD71B002B5F60;
			productRefGroup = B4AEFA9D1F1FD71B002B5F60 /* Products */;
			projectDirPath = "";
			projectRoot = "";
			targets = (
				B4AEFA9B1F1FD71B002B5F60 /* meme_auth */,
				B4AEFAB21F1FD71B002B5F60 /* meme_authTests */,
				B4AEFABD1F1FD71B002B5F60 /* meme_authUITests */,
			);
		};
/* End PBXProject section */

/* Begin PBXResourcesBuildPhase section */
		B4AEFA9A1F1FD71B002B5F60 /* Resources */ = {
			isa = PBXResourcesBuildPhase;
			buildActionMask = 2147483647;
			files = (
				B45D526A1F1FEB68006D2675 /* Podfile in Resources */,
				B4AEFAAD1F1FD71B002B5F60 /* LaunchScreen.storyboard in Resources */,
				B4AEFAD11F1FE07B002B5F60 /* GoogleService-Info.plist in Resources */,
				B4AEFAAA1F1FD71B002B5F60 /* Assets.xcassets in Resources */,
				B4AEFAA51F1FD71B002B5F60 /* Main.storyboard in Resources */,
			);
			runOnlyForDeploymentPostprocessing = 0;
		};
		B4AEFAB11F1FD71B002B5F60 /* Resources */ = {
			isa = PBXResourcesBuildPhase;
			buildActionMask = 2147483647;
			files = (
				B4AEFAD21F1FE07B002B5F60 /* GoogleService-Info.plist in Resources */,
			);
			runOnlyForDeploymentPostprocessing = 0;
		};
		B4AEFABC1F1FD71B002B5F60 /* Resources */ = {
			isa = PBXResourcesBuildPhase;
			buildActionMask = 2147483647;
			files = (
				B4AEFAD31F1FE07B002B5F60 /* GoogleService-Info.plist in Resources */,
			);
			runOnlyForDeploymentPostprocessing = 0;
		};
/* End PBXResourcesBuildPhase section */

/* Begin PBXShellScriptBuildPhase section */
		0D9D10C85B72D8E6605BBC56 /* [CP] Check Pods Manifest.lock */ = {
			isa = PBXShellScriptBuildPhase;
			buildActionMask = 2147483647;
			files = (
			);
			inputPaths = (
			);
			name = "[CP] Check Pods Manifest.lock";
			outputPaths = (
			);
			runOnlyForDeploymentPostprocessing = 0;
			shellPath = /bin/sh;
			shellScript = "diff \"${PODS_PODFILE_DIR_PATH}/Podfile.lock\" \"${PODS_ROOT}/Manifest.lock\" > /dev/null\nif [ $? != 0 ] ; then\n    # print error to STDERR\n    echo \"error: The sandbox is not in sync with the Podfile.lock. Run 'pod install' or update your CocoaPods installation.\" >&2\n    exit 1\nfi\n";
			showEnvVarsInLog = 0;
		};
		0E09133DFF690DF8696F9A5C /* [CP] Copy Pods Resources */ = {
			isa = PBXShellScriptBuildPhase;
			buildActionMask = 2147483647;
			files = (
			);
			inputPaths = (
			);
			name = "[CP] Copy Pods Resources";
			outputPaths = (
			);
			runOnlyForDeploymentPostprocessing = 0;
			shellPath = /bin/sh;
			shellScript = "\"${SRCROOT}/Pods/Target Support Files/Pods-meme_authUITests/Pods-meme_authUITests-resources.sh\"\n";
			showEnvVarsInLog = 0;
		};
		1AD6FB734EF86064408EFD5A /* [CP] Embed Pods Frameworks */ = {
			isa = PBXShellScriptBuildPhase;
			buildActionMask = 2147483647;
			files = (
			);
			inputPaths = (
			);
			name = "[CP] Embed Pods Frameworks";
			outputPaths = (
			);
			runOnlyForDeploymentPostprocessing = 0;
			shellPath = /bin/sh;
			shellScript = "\"${SRCROOT}/Pods/Target Support Files/Pods-meme_authTests/Pods-meme_authTests-frameworks.sh\"\n";
			showEnvVarsInLog = 0;
		};
		21F8F8E76F2B3F5B45200DC7 /* [CP] Check Pods Manifest.lock */ = {
			isa = PBXShellScriptBuildPhase;
			buildActionMask = 2147483647;
			files = (
			);
			inputPaths = (
			);
			name = "[CP] Check Pods Manifest.lock";
			outputPaths = (
			);
			runOnlyForDeploymentPostprocessing = 0;
			shellPath = /bin/sh;
			shellScript = "diff \"${PODS_PODFILE_DIR_PATH}/Podfile.lock\" \"${PODS_ROOT}/Manifest.lock\" > /dev/null\nif [ $? != 0 ] ; then\n    # print error to STDERR\n    echo \"error: The sandbox is not in sync with the Podfile.lock. Run 'pod install' or update your CocoaPods installation.\" >&2\n    exit 1\nfi\n";
			showEnvVarsInLog = 0;
		};
		4D26C8DD0FE8CF8849D1B898 /* [CP] Check Pods Manifest.lock */ = {
			isa = PBXShellScriptBuildPhase;
			buildActionMask = 2147483647;
			files = (
			);
			inputPaths = (
			);
			name = "[CP] Check Pods Manifest.lock";
			outputPaths = (
			);
			runOnlyForDeploymentPostprocessing = 0;
			shellPath = /bin/sh;
			shellScript = "diff \"${PODS_PODFILE_DIR_PATH}/Podfile.lock\" \"${PODS_ROOT}/Manifest.lock\" > /dev/null\nif [ $? != 0 ] ; then\n    # print error to STDERR\n    echo \"error: The sandbox is not in sync with the Podfile.lock. Run 'pod install' or update your CocoaPods installation.\" >&2\n    exit 1\nfi\n";
			showEnvVarsInLog = 0;
		};
		62041612EA719B5089091D87 /* [CP] Copy Pods Resources */ = {
			isa = PBXShellScriptBuildPhase;
			buildActionMask = 2147483647;
			files = (
			);
			inputPaths = (
			);
			name = "[CP] Copy Pods Resources";
			outputPaths = (
			);
			runOnlyForDeploymentPostprocessing = 0;
			shellPath = /bin/sh;
			shellScript = "\"${SRCROOT}/Pods/Target Support Files/Pods-meme_authTests/Pods-meme_authTests-resources.sh\"\n";
			showEnvVarsInLog = 0;
		};
		64ACB4F41552FACEF2BA840D /* [CP] Copy Pods Resources */ = {
			isa = PBXShellScriptBuildPhase;
			buildActionMask = 2147483647;
			files = (
			);
			inputPaths = (
			);
			name = "[CP] Copy Pods Resources";
			outputPaths = (
			);
			runOnlyForDeploymentPostprocessing = 0;
			shellPath = /bin/sh;
			shellScript = "\"${SRCROOT}/Pods/Target Support Files/Pods-meme_auth/Pods-meme_auth-resources.sh\"\n";
			showEnvVarsInLog = 0;
		};
		AD21CD7B1882B1156EE4756D /* [CP] Embed Pods Frameworks */ = {
			isa = PBXShellScriptBuildPhase;
			buildActionMask = 2147483647;
			files = (
			);
			inputPaths = (
			);
			name = "[CP] Embed Pods Frameworks";
			outputPaths = (
			);
			runOnlyForDeploymentPostprocessing = 0;
			shellPath = /bin/sh;
			shellScript = "\"${SRCROOT}/Pods/Target Support Files/Pods-meme_auth/Pods-meme_auth-frameworks.sh\"\n";
			showEnvVarsInLog = 0;
		};
		D8C5F55DB28FC5BCD8BFFDF6 /* [CP] Embed Pods Frameworks */ = {
			isa = PBXShellScriptBuildPhase;
			buildActionMask = 2147483647;
			files = (
			);
			inputPaths = (
			);
			name = "[CP] Embed Pods Frameworks";
			outputPaths = (
			);
			runOnlyForDeploymentPostprocessing = 0;
			shellPath = /bin/sh;
			shellScript = "\"${SRCROOT}/Pods/Target Support Files/Pods-meme_authUITests/Pods-meme_authUITests-frameworks.sh\"\n";
			showEnvVarsInLog = 0;
		};
/* End PBXShellScriptBuildPhase section */

/* Begin PBXSourcesBuildPhase section */
		B4AEFA981F1FD71B002B5F60 /* Sources */ = {
			isa = PBXSourcesBuildPhase;
			buildActionMask = 2147483647;
			files = (
				B4AEFAA21F1FD71B002B5F60 /* ViewController.swift in Sources */,
				B4AEFAA81F1FD71B002B5F60 /* meme_auth.xcdatamodeld in Sources */,
				B4AEFAA01F1FD71B002B5F60 /* AppDelegate.swift in Sources */,
			);
			runOnlyForDeploymentPostprocessing = 0;
		};
		B4AEFAAF1F1FD71B002B5F60 /* Sources */ = {
			isa = PBXSourcesBuildPhase;
			buildActionMask = 2147483647;
			files = (
				B4AEFAB81F1FD71B002B5F60 /* meme_authTests.swift in Sources */,
			);
			runOnlyForDeploymentPostprocessing = 0;
		};
		B4AEFABA1F1FD71B002B5F60 /* Sources */ = {
			isa = PBXSourcesBuildPhase;
			buildActionMask = 2147483647;
			files = (
				B4AEFAC31F1FD71B002B5F60 /* meme_authUITests.swift in Sources */,
			);
			runOnlyForDeploymentPostprocessing = 0;
		};
/* End PBXSourcesBuildPhase section */

/* Begin PBXTargetDependency section */
		B4AEFAB51F1FD71B002B5F60 /* PBXTargetDependency */ = {
			isa = PBXTargetDependency;
			target = B4AEFA9B1F1FD71B002B5F60 /* meme_auth */;
			targetProxy = B4AEFAB41F1FD71B002B5F60 /* PBXContainerItemProxy */;
		};
		B4AEFAC01F1FD71B002B5F60 /* PBXTargetDependency */ = {
			isa = PBXTargetDependency;
			target = B4AEFA9B1F1FD71B002B5F60 /* meme_auth */;
			targetProxy = B4AEFABF1F1FD71B002B5F60 /* PBXContainerItemProxy */;
		};
/* End PBXTargetDependency section */

/* Begin PBXVariantGroup section */
		B4AEFAA31F1FD71B002B5F60 /* Main.storyboard */ = {
			isa = PBXVariantGroup;
			children = (
				B4AEFAA41F1FD71B002B5F60 /* Base */,
			);
			name = Main.storyboard;
			sourceTree = "<group>";
		};
		B4AEFAAB1F1FD71B002B5F60 /* LaunchScreen.storyboard */ = {
			isa = PBXVariantGroup;
			children = (
				B4AEFAAC1F1FD71B002B5F60 /* Base */,
			);
			name = LaunchScreen.storyboard;
			sourceTree = "<group>";
		};
/* End PBXVariantGroup section */

/* Begin XCBuildConfiguration section */
		B4AEFAC51F1FD71B002B5F60 /* Debug */ = {
			isa = XCBuildConfiguration;
			buildSettings = {
				ALWAYS_SEARCH_USER_PATHS = NO;
				CLANG_ANALYZER_NONNULL = YES;
				CLANG_ANALYZER_NUMBER_OBJECT_CONVERSION = YES_AGGRESSIVE;
				CLANG_CXX_LANGUAGE_STANDARD = "gnu++0x";
				CLANG_CXX_LIBRARY = "libc++";
				CLANG_ENABLE_MODULES = YES;
				CLANG_ENABLE_OBJC_ARC = YES;
				CLANG_WARN_BOOL_CONVERSION = YES;
				CLANG_WARN_CONSTANT_CONVERSION = YES;
				CLANG_WARN_DIRECT_OBJC_ISA_USAGE = YES_ERROR;
				CLANG_WARN_DOCUMENTATION_COMMENTS = YES;
				CLANG_WARN_EMPTY_BODY = YES;
				CLANG_WARN_ENUM_CONVERSION = YES;
				CLANG_WARN_INFINITE_RECURSION = YES;
				CLANG_WARN_INT_CONVERSION = YES;
				CLANG_WARN_OBJC_ROOT_CLASS = YES_ERROR;
				CLANG_WARN_SUSPICIOUS_MOVE = YES;
				CLANG_WARN_UNREACHABLE_CODE = YES;
				CLANG_WARN__DUPLICATE_METHOD_MATCH = YES;
				"CODE_SIGN_IDENTITY[sdk=iphoneos*]" = "iPhone Developer";
				COPY_PHASE_STRIP = NO;
				DEBUG_INFORMATION_FORMAT = dwarf;
				ENABLE_STRICT_OBJC_MSGSEND = YES;
				ENABLE_TESTABILITY = YES;
				GCC_C_LANGUAGE_STANDARD = gnu99;
				GCC_DYNAMIC_NO_PIC = NO;
				GCC_NO_COMMON_BLOCKS = YES;
				GCC_OPTIMIZATION_LEVEL = 0;
				GCC_PREPROCESSOR_DEFINITIONS = (
					"DEBUG=1",
					"$(inherited)",
				);
				GCC_WARN_64_TO_32_BIT_CONVERSION = YES;
				GCC_WARN_ABOUT_RETURN_TYPE = YES_ERROR;
				GCC_WARN_UNDECLARED_SELECTOR = YES;
				GCC_WARN_UNINITIALIZED_AUTOS = YES_AGGRESSIVE;
				GCC_WARN_UNUSED_FUNCTION = YES;
				GCC_WARN_UNUSED_VARIABLE = YES;
				IPHONEOS_DEPLOYMENT_TARGET = 10.3;
				MTL_ENABLE_DEBUG_INFO = YES;
				ONLY_ACTIVE_ARCH = YES;
				SDKROOT = iphoneos;
				SWIFT_ACTIVE_COMPILATION_CONDITIONS = DEBUG;
				SWIFT_OPTIMIZATION_LEVEL = "-Onone";
				TARGETED_DEVICE_FAMILY = "1,2";
			};
			name = Debug;
		};
		B4AEFAC61F1FD71B002B5F60 /* Release */ = {
			isa = XCBuildConfiguration;
			buildSettings = {
				ALWAYS_SEARCH_USER_PATHS = NO;
				CLANG_ANALYZER_NONNULL = YES;
				CLANG_ANALYZER_NUMBER_OBJECT_CONVERSION = YES_AGGRESSIVE;
				CLANG_CXX_LANGUAGE_STANDARD = "gnu++0x";
				CLANG_CXX_LIBRARY = "libc++";
				CLANG_ENABLE_MODULES = YES;
				CLANG_ENABLE_OBJC_ARC = YES;
				CLANG_WARN_BOOL_CONVERSION = YES;
				CLANG_WARN_CONSTANT_CONVERSION = YES;
				CLANG_WARN_DIRECT_OBJC_ISA_USAGE = YES_ERROR;
				CLANG_WARN_DOCUMENTATION_COMMENTS = YES;
				CLANG_WARN_EMPTY_BODY = YES;
				CLANG_WARN_ENUM_CONVERSION = YES;
				CLANG_WARN_INFINITE_RECURSION = YES;
				CLANG_WARN_INT_CONVERSION = YES;
				CLANG_WARN_OBJC_ROOT_CLASS = YES_ERROR;
				CLANG_WARN_SUSPICIOUS_MOVE = YES;
				CLANG_WARN_UNREACHABLE_CODE = YES;
				CLANG_WARN__DUPLICATE_METHOD_MATCH = YES;
				"CODE_SIGN_IDENTITY[sdk=iphoneos*]" = "iPhone Developer";
				COPY_PHASE_STRIP = NO;
				DEBUG_INFORMATION_FORMAT = "dwarf-with-dsym";
				ENABLE_NS_ASSERTIONS = NO;
				ENABLE_STRICT_OBJC_MSGSEND = YES;
				GCC_C_LANGUAGE_STANDARD = gnu99;
				GCC_NO_COMMON_BLOCKS = YES;
				GCC_WARN_64_TO_32_BIT_CONVERSION = YES;
				GCC_WARN_ABOUT_RETURN_TYPE = YES_ERROR;
				GCC_WARN_UNDECLARED_SELECTOR = YES;
				GCC_WARN_UNINITIALIZED_AUTOS = YES_AGGRESSIVE;
				GCC_WARN_UNUSED_FUNCTION = YES;
				GCC_WARN_UNUSED_VARIABLE = YES;
				IPHONEOS_DEPLOYMENT_TARGET = 10.3;
				MTL_ENABLE_DEBUG_INFO = NO;
				SDKROOT = iphoneos;
				SWIFT_OPTIMIZATION_LEVEL = "-Owholemodule";
				TARGETED_DEVICE_FAMILY = "1,2";
				VALIDATE_PRODUCT = YES;
			};
			name = Release;
		};
		B4AEFAC81F1FD71B002B5F60 /* Debug */ = {
			isa = XCBuildConfiguration;
			baseConfigurationReference = FCB63BFBD9C39818CED416F5 /* Pods-meme_auth.debug.xcconfig */;
			buildSettings = {
				ASSETCATALOG_COMPILER_APPICON_NAME = AppIcon;
				DEVELOPMENT_TEAM = 5VJN24D93G;
				INFOPLIST_FILE = meme_auth/Info.plist;
				LD_RUNPATH_SEARCH_PATHS = "$(inherited) @executable_path/Frameworks";
				PRODUCT_BUNDLE_IDENTIFIER = "com.RKsystems.meme-auth";
				PRODUCT_NAME = "$(TARGET_NAME)";
				SWIFT_VERSION = 3.0;
			};
			name = Debug;
		};
		B4AEFAC91F1FD71B002B5F60 /* Release */ = {
			isa = XCBuildConfiguration;
			baseConfigurationReference = 845A4BB035DACDB1CAC600F4 /* Pods-meme_auth.release.xcconfig */;
			buildSettings = {
				ASSETCATALOG_COMPILER_APPICON_NAME = AppIcon;
				DEVELOPMENT_TEAM = 5VJN24D93G;
				INFOPLIST_FILE = meme_auth/Info.plist;
				LD_RUNPATH_SEARCH_PATHS = "$(inherited) @executable_path/Frameworks";
				PRODUCT_BUNDLE_IDENTIFIER = "com.RKsystems.meme-auth";
				PRODUCT_NAME = "$(TARGET_NAME)";
				SWIFT_VERSION = 3.0;
			};
			name = Release;
		};
		B4AEFACB1F1FD71B002B5F60 /* Debug */ = {
			isa = XCBuildConfiguration;
			baseConfigurationReference = 44EDA7FDD2949A7B5BF0BEDE /* Pods-meme_authTests.debug.xcconfig */;
			buildSettings = {
				ALWAYS_EMBED_SWIFT_STANDARD_LIBRARIES = YES;
				BUNDLE_LOADER = "$(TEST_HOST)";
				INFOPLIST_FILE = meme_authTests/Info.plist;
				LD_RUNPATH_SEARCH_PATHS = "$(inherited) @executable_path/Frameworks @loader_path/Frameworks";
				PRODUCT_BUNDLE_IDENTIFIER = "com.RKsystems.meme-authTests";
				PRODUCT_NAME = "$(TARGET_NAME)";
				SWIFT_VERSION = 3.0;
				TEST_HOST = "$(BUILT_PRODUCTS_DIR)/meme_auth.app/meme_auth";
			};
			name = Debug;
		};
		B4AEFACC1F1FD71B002B5F60 /* Release */ = {
			isa = XCBuildConfiguration;
			baseConfigurationReference = C52E0E19EEAE2A82544FD8AF /* Pods-meme_authTests.release.xcconfig */;
			buildSettings = {
				ALWAYS_EMBED_SWIFT_STANDARD_LIBRARIES = YES;
				BUNDLE_LOADER = "$(TEST_HOST)";
				INFOPLIST_FILE = meme_authTests/Info.plist;
				LD_RUNPATH_SEARCH_PATHS = "$(inherited) @executable_path/Frameworks @loader_path/Frameworks";
				PRODUCT_BUNDLE_IDENTIFIER = "com.RKsystems.meme-authTests";
				PRODUCT_NAME = "$(TARGET_NAME)";
				SWIFT_VERSION = 3.0;
				TEST_HOST = "$(BUILT_PRODUCTS_DIR)/meme_auth.app/meme_auth";
			};
			name = Release;
		};
		B4AEFACE1F1FD71B002B5F60 /* Debug */ = {
			isa = XCBuildConfiguration;
			baseConfigurationReference = 7502268189D4E8306A1217AB /* Pods-meme_authUITests.debug.xcconfig */;
			buildSettings = {
				ALWAYS_EMBED_SWIFT_STANDARD_LIBRARIES = YES;
				INFOPLIST_FILE = meme_authUITests/Info.plist;
				LD_RUNPATH_SEARCH_PATHS = "$(inherited) @executable_path/Frameworks @loader_path/Frameworks";
				PRODUCT_BUNDLE_IDENTIFIER = "com.RKsystems.meme-authUITests";
				PRODUCT_NAME = "$(TARGET_NAME)";
				SWIFT_VERSION = 3.0;
				TEST_TARGET_NAME = meme_auth;
			};
			name = Debug;
		};
		B4AEFACF1F1FD71B002B5F60 /* Release */ = {
			isa = XCBuildConfiguration;
			baseConfigurationReference = 184BFF63CD3E60C2031565FA /* Pods-meme_authUITests.release.xcconfig */;
			buildSettings = {
				ALWAYS_EMBED_SWIFT_STANDARD_LIBRARIES = YES;
				INFOPLIST_FILE = meme_authUITests/Info.plist;
				LD_RUNPATH_SEARCH_PATHS = "$(inherited) @executable_path/Frameworks @loader_path/Frameworks";
				PRODUCT_BUNDLE_IDENTIFIER = "com.RKsystems.meme-authUITests";
				PRODUCT_NAME = "$(TARGET_NAME)";
				SWIFT_VERSION = 3.0;
				TEST_TARGET_NAME = meme_auth;
			};
			name = Release;
		};
/* End XCBuildConfiguration section */

/* Begin XCConfigurationList section */
		B4AEFA971F1FD71B002B5F60 /* Build configuration list for PBXProject "meme_auth" */ = {
			isa = XCConfigurationList;
			buildConfigurations = (
				B4AEFAC51F1FD71B002B5F60 /* Debug */,
				B4AEFAC61F1FD71B002B5F60 /* Release */,
			);
			defaultConfigurationIsVisible = 0;
			defaultConfigurationName = Release;
		};
		B4AEFAC71F1FD71B002B5F60 /* Build configuration list for PBXNativeTarget "meme_auth" */ = {
			isa = XCConfigurationList;
			buildConfigurations = (
				B4AEFAC81F1FD71B002B5F60 /* Debug */,
				B4AEFAC91F1FD71B002B5F60 /* Release */,
			);
			defaultConfigurationIsVisible = 0;
			defaultConfigurationName = Release;
		};
		B4AEFACA1F1FD71B002B5F60 /* Build configuration list for PBXNativeTarget "meme_authTests" */ = {
			isa = XCConfigurationList;
			buildConfigurations = (
				B4AEFACB1F1FD71B002B5F60 /* Debug */,
				B4AEFACC1F1FD71B002B5F60 /* Release */,
			);
			defaultConfigurationIsVisible = 0;
			defaultConfigurationName = Release;
		};
		B4AEFACD1F1FD71B002B5F60 /* Build configuration list for PBXNativeTarget "meme_authUITests" */ = {
			isa = XCConfigurationList;
			buildConfigurations = (
				B4AEFACE1F1FD71B002B5F60 /* Debug */,
				B4AEFACF1F1FD71B002B5F60 /* Release */,
			);
			defaultConfigurationIsVisible = 0;
			defaultConfigurationName = Release;
		};
/* End XCConfigurationList section */

/* Begin XCVersionGroup section */
		B4AEFAA61F1FD71B002B5F60 /* meme_auth.xcdatamodeld */ = {
			isa = XCVersionGroup;
			children = (
				B4AEFAA71F1FD71B002B5F60 /* meme_auth.xcdatamodel */,
			);
			currentVersion = B4AEFAA71F1FD71B002B5F60 /* meme_auth.xcdatamodel */;
			path = meme_auth.xcdatamodeld;
			sourceTree = "<group>";
			versionGroupType = wrapper.xcdatamodel;
		};
/* End XCVersionGroup section */
	};
	rootObject = B4AEFA941F1FD71B002B5F60 /* Project object */;
}
